# THIS IS AN AUTOGENERATED FILE. DO NOT EDIT THIS FILE DIRECTLY.
# yarn lockfile v1


esbuild-android-64@0.14.48:
  version "0.14.48"
  resolved "https://lib.education.lego.com/artifactory/api/npm/libs-release-npm/esbuild-android-64/-/esbuild-android-64-0.14.48.tgz#7e6394a0e517f738641385aaf553c7e4fb6d1ae3"
  integrity sha1-fmOUoOUX9zhkE4Wq9VPH5PttGuM=

esbuild-android-arm64@0.14.48:
  version "0.14.48"
  resolved "https://lib.education.lego.com/artifactory/api/npm/libs-release-npm/esbuild-android-arm64/-/esbuild-android-arm64-0.14.48.tgz#6877566be0f82dd5a43030c0007d06ece7f7c02f"
  integrity sha1-aHdWa+D4LdWkMDDAAH0G7Of3wC8=

esbuild-darwin-64@0.14.48:
  version "0.14.48"
  resolved "https://lib.education.lego.com/artifactory/api/npm/libs-release-npm/esbuild-darwin-64/-/esbuild-darwin-64-0.14.48.tgz#ea3caddb707d88f844b1aa1dea5ff3b0a71ef1fd"
  integrity sha1-6jyt23B9iPhEsaod6l/zsKce8f0=

esbuild-darwin-arm64@0.14.48:
  version "0.14.48"
  resolved "https://lib.education.lego.com/artifactory/api/npm/libs-release-npm/esbuild-darwin-arm64/-/esbuild-darwin-arm64-0.14.48.tgz#4e5eaab54df66cc319b76a2ac0e8af4e6f0d9c2f"
  integrity sha1-Tl6qtU32bMMZt2oqwOivTm8NnC8=

esbuild-freebsd-64@0.14.48:
  version "0.14.48"
  resolved "https://lib.education.lego.com/artifactory/api/npm/libs-release-npm/esbuild-freebsd-64/-/esbuild-freebsd-64-0.14.48.tgz#47b5abc7426eae66861490ffbb380acc67af5b15"
  integrity sha1-R7Wrx0JurmaGFJD/uzgKzGevWxU=

esbuild-freebsd-arm64@0.14.48:
  version "0.14.48"
  resolved "https://lib.education.lego.com/artifactory/api/npm/libs-release-npm/esbuild-freebsd-arm64/-/esbuild-freebsd-arm64-0.14.48.tgz#e8c54c8637cd44feed967ea12338b0a4da3a7b11"
  integrity sha1-6MVMhjfNRP7tln6hIziwpNo6exE=

esbuild-linux-32@0.14.48:
  version "0.14.48"
  resolved "https://lib.education.lego.com/artifactory/api/npm/libs-release-npm/esbuild-linux-32/-/esbuild-linux-32-0.14.48.tgz#229cf3246de2b7937c3ac13fac622d4d7a1344c5"
  integrity sha1-IpzzJG3it5N8OsE/rGItTXoTRMU=

esbuild-linux-64@0.14.48:
  version "0.14.48"
  resolved "https://lib.education.lego.com/artifactory/api/npm/libs-release-npm/esbuild-linux-64/-/esbuild-linux-64-0.14.48.tgz#7c0e7226c02c42aacc5656c36977493dc1e96c4f"
  integrity sha1-fA5yJsAsQqrMVlbDaXdJPcHpbE8=

esbuild-linux-arm64@0.14.48:
  version "0.14.48"
  resolved "https://lib.education.lego.com/artifactory/api/npm/libs-release-npm/esbuild-linux-arm64/-/esbuild-linux-arm64-0.14.48.tgz#0af1eda474b5c6cc0cace8235b74d0cb8fcf57a7"
  integrity sha1-CvHtpHS1xswMrOgjW3TQy4/PV6c=

esbuild-linux-arm@0.14.48:
  version "0.14.48"
  resolved "https://lib.education.lego.com/artifactory/api/npm/libs-release-npm/esbuild-linux-arm/-/esbuild-linux-arm-0.14.48.tgz#de4d1fa6b77cdcd00e2bb43dd0801e4680f0ab52"
  integrity sha1-3k0fprd83NAOK7Q90IAeRoDwq1I=

esbuild-linux-mips64le@0.14.48:
  version "0.14.48"
  resolved "https://lib.education.lego.com/artifactory/api/npm/libs-release-npm/esbuild-linux-mips64le/-/esbuild-linux-mips64le-0.14.48.tgz#822c1778495f7868e990d4da47ad7281df28fd15"
  integrity sha1-giwXeElfeGjpkNTaR61ygd8o/RU=

esbuild-linux-ppc64le@0.14.48:
  version "0.14.48"
  resolved "https://lib.education.lego.com/artifactory/api/npm/libs-release-npm/esbuild-linux-ppc64le/-/esbuild-linux-ppc64le-0.14.48.tgz#55de0a9ec4a48fedfe82a63e083164d001709447"
  integrity sha1-Vd4KnsSkj+3+gqY+CDFk0AFwlEc=

esbuild-linux-riscv64@0.14.48:
  version "0.14.48"
  resolved "https://lib.education.lego.com/artifactory/api/npm/libs-release-npm/esbuild-linux-riscv64/-/esbuild-linux-riscv64-0.14.48.tgz#cd2b7381880b2f4b21a5a598fb673492120f18a5"
  integrity sha1-zStzgYgLL0shpaWY+2c0khIPGKU=

esbuild-linux-s390x@0.14.48:
  version "0.14.48"
  resolved "https://lib.education.lego.com/artifactory/api/npm/libs-release-npm/esbuild-linux-s390x/-/esbuild-linux-s390x-0.14.48.tgz#4b319eca2a5c64637fc7397ffbd9671719cdb6bf"
  integrity sha1-SzGeyipcZGN/xzl/+9lnFxnNtr8=

esbuild-netbsd-64@0.14.48:
  version "0.14.48"
  resolved "https://lib.education.lego.com/artifactory/api/npm/libs-release-npm/esbuild-netbsd-64/-/esbuild-netbsd-64-0.14.48.tgz#c27cde8b5cb55dcc227943a18ab078fb98d0adbf"
  integrity sha1-wnzei1y1XcwieUOhirB4+5jQrb8=

esbuild-openbsd-64@0.14.48:
  version "0.14.48"
  resolved "https://lib.education.lego.com/artifactory/api/npm/libs-release-npm/esbuild-openbsd-64/-/esbuild-openbsd-64-0.14.48.tgz#af5ab2d1cb41f09064bba9465fc8bf1309150df1"
  integrity sha1-r1qy0ctB8JBku6lGX8i/EwkVDfE=

esbuild-sunos-64@0.14.48:
  version "0.14.48"
  resolved "https://lib.education.lego.com/artifactory/api/npm/libs-release-npm/esbuild-sunos-64/-/esbuild-sunos-64-0.14.48.tgz#db3ae20526055cf6fd5c4582676233814603ac54"
  integrity sha1-2zriBSYFXPb9XEWCZ2IzgUYDrFQ=

esbuild-windows-32@0.14.48:
  version "0.14.48"
  resolved "https://lib.education.lego.com/artifactory/api/npm/libs-release-npm/esbuild-windows-32/-/esbuild-windows-32-0.14.48.tgz#021ffceb0a3f83078262870da88a912293c57475"
  integrity sha1-Ah/86wo/gweCYocNqIqRIpPFdHU=

esbuild-windows-64@0.14.48:
  version "0.14.48"
  resolved "https://lib.education.lego.com/artifactory/api/npm/libs-release-npm/esbuild-windows-64/-/esbuild-windows-64-0.14.48.tgz#a4d3407b580f9faac51f61eec095fa985fb3fee4"
  integrity sha1-pNNAe1gPn6rFH2HuwJX6mF+z/uQ=

esbuild-windows-arm64@0.14.48:
  version "0.14.48"
  resolved "https://lib.education.lego.com/artifactory/api/npm/libs-release-npm/esbuild-windows-arm64/-/esbuild-windows-arm64-0.14.48.tgz#762c0562127d8b09bfb70a3c816460742dd82880"
  integrity sha1-diwFYhJ9iwm/two8gWRgdC3YKIA=

esbuild@^0.14.48:
  version "0.14.48"
  resolved "https://lib.education.lego.com/artifactory/api/npm/libs-release-npm/esbuild/-/esbuild-0.14.48.tgz#da5d8d25cd2d940c45ea0cfecdca727f7aee2b85"
  integrity sha1-2l2NJc0tlAxF6gz+zcpyf3ruK4U=
  optionalDependencies:
    esbuild-android-64 "0.14.48"
    esbuild-android-arm64 "0.14.48"
    esbuild-darwin-64 "0.14.48"
    esbuild-darwin-arm64 "0.14.48"
    esbuild-freebsd-64 "0.14.48"
    esbuild-freebsd-arm64 "0.14.48"
    esbuild-linux-32 "0.14.48"
    esbuild-linux-64 "0.14.48"
    esbuild-linux-arm "0.14.48"
    esbuild-linux-arm64 "0.14.48"
    esbuild-linux-mips64le "0.14.48"
    esbuild-linux-ppc64le "0.14.48"
    esbuild-linux-riscv64 "0.14.48"
    esbuild-linux-s390x "0.14.48"
    esbuild-netbsd-64 "0.14.48"
    esbuild-openbsd-64 "0.14.48"
    esbuild-sunos-64 "0.14.48"
    esbuild-windows-32 "0.14.48"
    esbuild-windows-64 "0.14.48"
    esbuild-windows-arm64 "0.14.48"

playcanvas@^1.54.1:
  version "1.54.1"
  resolved "https://lib.education.lego.com/artifactory/api/npm/libs-release-npm/playcanvas/-/playcanvas-1.54.1.tgz#d4f80a7b47fd10d612ceb0be2dc5b8390e61e9a6"
  integrity sha1-1PgKe0f9ENYSzrC+LcW4OQ5h6aY=

typescript@^4.7.4:
  version "4.7.4"
  resolved "https://lib.education.lego.com/artifactory/api/npm/libs-release-npm/typescript/-/typescript-4.7.4.tgz#1a88596d1cf47d59507a1bcdfb5b9dfe4d488235"
  integrity sha1-GohZbRz0fVlQehvN+1ud/k1IgjU=
