# THIS IS AN AUTOGENERATED FILE. DO NOT EDIT THIS FILE DIRECTLY.
# yarn lockfile v1


ajv@^6.12.3:
  version "6.12.6"
  resolved "https://lib.education.lego.com/artifactory/api/npm/libs-release-npm/ajv/-/ajv-6.12.6.tgz#baf5a62e802b07d977034586f8c3baf5adf26df4"
  integrity sha1-uvWmLoArB9l3A0WG+MO69a3ybfQ=
  dependencies:
    fast-deep-equal "^3.1.1"
    fast-json-stable-stringify "^2.0.0"
    json-schema-traverse "^0.4.1"
    uri-js "^4.2.2"

ansi-regex@^5.0.1:
  version "5.0.1"
  resolved "https://lib.education.lego.com/artifactory/api/npm/libs-release-npm/ansi-regex/-/ansi-regex-5.0.1.tgz#082cb2c89c9fe8659a311a53bd6a4dc5301db304"
  integrity sha1-CCyyyJyf6GWaMRpTvWpNxTAdswQ=

ansi-styles@^4.0.0, ansi-styles@^4.1.0:
  version "4.3.0"
  resolved "https://lib.education.lego.com/artifactory/api/npm/libs-release-npm/ansi-styles/-/ansi-styles-4.3.0.tgz#edd803628ae71c04c85ae7a0906edad34b648937"
  integrity sha1-7dgDYornHATIWuegkG7a00tkiTc=
  dependencies:
    color-convert "^2.0.1"

asn1@~0.2.3:
  version "0.2.6"
  resolved "https://lib.education.lego.com/artifactory/api/npm/libs-release-npm/asn1/-/asn1-0.2.6.tgz#0d3a7bb6e64e02a90c0303b31f292868ea09a08d"
  integrity sha1-DTp7tuZOAqkMAwOzHykoaOoJoI0=
  dependencies:
    safer-buffer "~2.1.0"

assert-plus@1.0.0, assert-plus@^1.0.0:
  version "1.0.0"
  resolved "https://lib.education.lego.com/artifactory/api/npm/libs-release-npm/assert-plus/-/assert-plus-1.0.0.tgz#f12e0f3c5d77b0b1cdd9146942e4e96c1e4dd525"
  integrity sha1-8S4PPF13sLHN2RRpQuTpbB5N1SU=

asynckit@^0.4.0:
  version "0.4.0"
  resolved "https://lib.education.lego.com/artifactory/api/npm/libs-release-npm/asynckit/-/asynckit-0.4.0.tgz#c79ed97f7f34cb8f2ba1bc9790bcc366474b4b79"
  integrity sha1-x57Zf380y48robyXkLzDZkdLS3k=

aws-sign2@~0.7.0:
  version "0.7.0"
  resolved "https://lib.education.lego.com/artifactory/api/npm/libs-release-npm/aws-sign2/-/aws-sign2-0.7.0.tgz#b46e890934a9591f2d2f6f86d7e6a9f1b3fe76a8"
  integrity sha1-tG6JCTSpWR8tL2+G1+ap8bP+dqg=

aws4@^1.8.0:
  version "1.11.0"
  resolved "https://lib.education.lego.com/artifactory/api/npm/libs-release-npm/aws4/-/aws4-1.11.0.tgz#d61f46d83b2519250e2784daf5b09479a8b41c59"
  integrity sha1-1h9G2DslGSUOJ4Ta9bCUeai0HFk=

bcrypt-pbkdf@^1.0.0:
  version "1.0.2"
  resolved "https://lib.education.lego.com/artifactory/api/npm/libs-release-npm/bcrypt-pbkdf/-/bcrypt-pbkdf-1.0.2.tgz#a4301d389b6a43f9b67ff3ca11a3f6637e360e9e"
  integrity sha1-pDAdOJtqQ/m2f/PKEaP2Y342Dp4=
  dependencies:
    tweetnacl "^0.14.3"

caseless@~0.12.0:
  version "0.12.0"
  resolved "https://lib.education.lego.com/artifactory/api/npm/libs-release-npm/caseless/-/caseless-0.12.0.tgz#1b681c21ff84033c826543090689420d187151dc"
  integrity sha1-G2gcIf+EAzyCZUMJBolCDRhxUdw=

chalk@^4.0.0, chalk@^4.1.0:
  version "4.1.2"
  resolved "https://lib.education.lego.com/artifactory/api/npm/libs-release-npm/chalk/-/chalk-4.1.2.tgz#aac4e2b7734a740867aeb16bf02aad556a1e7a01"
  integrity sha1-qsTit3NKdAhnrrFr8CqtVWoeegE=
  dependencies:
    ansi-styles "^4.1.0"
    supports-color "^7.1.0"

cliui@^7.0.2:
  version "7.0.4"
  resolved "https://lib.education.lego.com/artifactory/api/npm/libs-release-npm/cliui/-/cliui-7.0.4.tgz#a0265ee655476fc807aea9df3df8df7783808b4f"
  integrity sha1-oCZe5lVHb8gHrqnfPfjfd4OAi08=
  dependencies:
    string-width "^4.2.0"
    strip-ansi "^6.0.0"
    wrap-ansi "^7.0.0"

color-convert@^2.0.1:
  version "2.0.1"
  resolved "https://lib.education.lego.com/artifactory/api/npm/libs-release-npm/color-convert/-/color-convert-2.0.1.tgz#72d3a68d598c9bdb3af2ad1e84f21d896abd4de3"
  integrity sha1-ctOmjVmMm9s68q0ehPIdiWq9TeM=
  dependencies:
    color-name "~1.1.4"

color-name@~1.1.4:
  version "1.1.4"
  resolved "https://lib.education.lego.com/artifactory/api/npm/libs-release-npm/color-name/-/color-name-1.1.4.tgz#c2a09a87acbde69543de6f63fa3995c826c536a2"
  integrity sha1-wqCah6y95pVD3m9j+jmVyCbFNqI=

combined-stream@^1.0.6, combined-stream@~1.0.6:
  version "1.0.8"
  resolved "https://lib.education.lego.com/artifactory/api/npm/libs-release-npm/combined-stream/-/combined-stream-1.0.8.tgz#c3d45a8b34fd730631a110a8a2520682b31d5a7f"
  integrity sha1-w9RaizT9cwYxoRCoolIGgrMdWn8=
  dependencies:
    delayed-stream "~1.0.0"

commander@^5.1.0:
  version "5.1.0"
  resolved "https://lib.education.lego.com/artifactory/api/npm/libs-release-npm/commander/-/commander-5.1.0.tgz#46abbd1652f8e059bddaef99bbdcb2ad9cf179ae"
  integrity sha1-Rqu9FlL44Fm92u+Zu9yyrZzxea4=

commander@^9.0.0:
  version "9.3.0"
  resolved "https://lib.education.lego.com/artifactory/api/npm/libs-release-npm/commander/-/commander-9.3.0.tgz#f619114a5a2d2054e0d9ff1b31d5ccf89255e26b"
  integrity sha1-9hkRSlotIFTg2f8bMdXM+JJV4ms=

concurrently@^7.3.0:
  version "7.3.0"
  resolved "https://lib.education.lego.com/artifactory/api/npm/libs-release-npm/concurrently/-/concurrently-7.3.0.tgz#eb45cdbc8df43da195f619aba218a980cae49184"
  integrity sha1-60XNvI30PaGV9hmrohipgMrkkYQ=
  dependencies:
    chalk "^4.1.0"
    date-fns "^2.16.1"
    lodash "^4.17.21"
    rxjs "^7.0.0"
    shell-quote "^1.7.3"
    spawn-command "^0.0.2-1"
    supports-color "^8.1.0"
    tree-kill "^1.2.2"
    yargs "^17.3.1"

core-util-is@1.0.2:
  version "1.0.2"
  resolved "https://lib.education.lego.com/artifactory/api/npm/libs-release-npm/core-util-is/-/core-util-is-1.0.2.tgz#b5fd54220aa2bc5ab57aab7140c940754503c1a7"
  integrity sha1-tf1UIgqivFq1eqtxQMlAdUUDwac=

dashdash@^1.12.0:
  version "1.14.1"
  resolved "https://lib.education.lego.com/artifactory/api/npm/libs-release-npm/dashdash/-/dashdash-1.14.1.tgz#853cfa0f7cbe2fed5de20326b8dd581035f6e2f0"
  integrity sha1-hTz6D3y+L+1d4gMmuN1YEDX24vA=
  dependencies:
    assert-plus "^1.0.0"

date-fns@^2.16.1:
  version "2.29.1"
  resolved "https://lib.education.lego.com/artifactory/api/npm/libs-release-npm/date-fns/-/date-fns-2.29.1.tgz#9667c2615525e552b5135a3116b95b1961456e60"
  integrity sha1-lmfCYVUl5VK1E1oxFrlbGWFFbmA=

debug@^4.1.1:
  version "4.3.4"
  resolved "https://lib.education.lego.com/artifactory/api/npm/libs-release-npm/debug/-/debug-4.3.4.tgz#1319f6579357f2338d3337d2cdd4914bb5dcc865"
  integrity sha1-Exn2V5NX8jONMzfSzdSRS7XcyGU=
  dependencies:
    ms "2.1.2"

delayed-stream@~1.0.0:
  version "1.0.0"
  resolved "https://lib.education.lego.com/artifactory/api/npm/libs-release-npm/delayed-stream/-/delayed-stream-1.0.0.tgz#df3ae199acadfb7d440aaae0b29e2272b24ec619"
  integrity sha1-3zrhmayt+31ECqrgsp4icrJOxhk=

diff@^5.0.0:
  version "5.1.0"
  resolved "https://lib.education.lego.com/artifactory/api/npm/libs-release-npm/diff/-/diff-5.1.0.tgz#bc52d298c5ea8df9194800224445ed43ffc87e40"
  integrity sha1-vFLSmMXqjfkZSAAiREXtQ//IfkA=

ecc-jsbn@~0.1.1:
  version "0.1.2"
  resolved "https://lib.education.lego.com/artifactory/api/npm/libs-release-npm/ecc-jsbn/-/ecc-jsbn-0.1.2.tgz#3a83a904e54353287874c564b7549386849a98c9"
  integrity sha1-OoOpBOVDUyh4dMVkt1SThoSamMk=
  dependencies:
    jsbn "~0.1.0"
    safer-buffer "^2.1.0"

emoji-regex@^8.0.0:
  version "8.0.0"
  resolved "https://lib.education.lego.com/artifactory/api/npm/libs-release-npm/emoji-regex/-/emoji-regex-8.0.0.tgz#e818fd69ce5ccfcb404594f842963bf53164cc37"
  integrity sha1-6Bj9ac5cz8tARZT4QpY79TFkzDc=

esbuild-android-64@0.14.48:
  version "0.14.48"
  resolved "https://lib.education.lego.com/artifactory/api/npm/libs-release-npm/esbuild-android-64/-/esbuild-android-64-0.14.48.tgz#7e6394a0e517f738641385aaf553c7e4fb6d1ae3"
  integrity sha1-fmOUoOUX9zhkE4Wq9VPH5PttGuM=

esbuild-android-arm64@0.14.48:
  version "0.14.48"
  resolved "https://lib.education.lego.com/artifactory/api/npm/libs-release-npm/esbuild-android-arm64/-/esbuild-android-arm64-0.14.48.tgz#6877566be0f82dd5a43030c0007d06ece7f7c02f"
  integrity sha1-aHdWa+D4LdWkMDDAAH0G7Of3wC8=

esbuild-darwin-64@0.14.48:
  version "0.14.48"
  resolved "https://lib.education.lego.com/artifactory/api/npm/libs-release-npm/esbuild-darwin-64/-/esbuild-darwin-64-0.14.48.tgz#ea3caddb707d88f844b1aa1dea5ff3b0a71ef1fd"
  integrity sha1-6jyt23B9iPhEsaod6l/zsKce8f0=

esbuild-darwin-arm64@0.14.48:
  version "0.14.48"
  resolved "https://lib.education.lego.com/artifactory/api/npm/libs-release-npm/esbuild-darwin-arm64/-/esbuild-darwin-arm64-0.14.48.tgz#4e5eaab54df66cc319b76a2ac0e8af4e6f0d9c2f"
  integrity sha1-Tl6qtU32bMMZt2oqwOivTm8NnC8=

esbuild-freebsd-64@0.14.48:
  version "0.14.48"
  resolved "https://lib.education.lego.com/artifactory/api/npm/libs-release-npm/esbuild-freebsd-64/-/esbuild-freebsd-64-0.14.48.tgz#47b5abc7426eae66861490ffbb380acc67af5b15"
  integrity sha1-R7Wrx0JurmaGFJD/uzgKzGevWxU=

esbuild-freebsd-arm64@0.14.48:
  version "0.14.48"
  resolved "https://lib.education.lego.com/artifactory/api/npm/libs-release-npm/esbuild-freebsd-arm64/-/esbuild-freebsd-arm64-0.14.48.tgz#e8c54c8637cd44feed967ea12338b0a4da3a7b11"
  integrity sha1-6MVMhjfNRP7tln6hIziwpNo6exE=

esbuild-linux-32@0.14.48:
  version "0.14.48"
  resolved "https://lib.education.lego.com/artifactory/api/npm/libs-release-npm/esbuild-linux-32/-/esbuild-linux-32-0.14.48.tgz#229cf3246de2b7937c3ac13fac622d4d7a1344c5"
  integrity sha1-IpzzJG3it5N8OsE/rGItTXoTRMU=

esbuild-linux-64@0.14.48:
  version "0.14.48"
  resolved "https://lib.education.lego.com/artifactory/api/npm/libs-release-npm/esbuild-linux-64/-/esbuild-linux-64-0.14.48.tgz#7c0e7226c02c42aacc5656c36977493dc1e96c4f"
  integrity sha1-fA5yJsAsQqrMVlbDaXdJPcHpbE8=

esbuild-linux-arm64@0.14.48:
  version "0.14.48"
  resolved "https://lib.education.lego.com/artifactory/api/npm/libs-release-npm/esbuild-linux-arm64/-/esbuild-linux-arm64-0.14.48.tgz#0af1eda474b5c6cc0cace8235b74d0cb8fcf57a7"
  integrity sha1-CvHtpHS1xswMrOgjW3TQy4/PV6c=

esbuild-linux-arm@0.14.48:
  version "0.14.48"
  resolved "https://lib.education.lego.com/artifactory/api/npm/libs-release-npm/esbuild-linux-arm/-/esbuild-linux-arm-0.14.48.tgz#de4d1fa6b77cdcd00e2bb43dd0801e4680f0ab52"
  integrity sha1-3k0fprd83NAOK7Q90IAeRoDwq1I=

esbuild-linux-mips64le@0.14.48:
  version "0.14.48"
  resolved "https://lib.education.lego.com/artifactory/api/npm/libs-release-npm/esbuild-linux-mips64le/-/esbuild-linux-mips64le-0.14.48.tgz#822c1778495f7868e990d4da47ad7281df28fd15"
  integrity sha1-giwXeElfeGjpkNTaR61ygd8o/RU=

esbuild-linux-ppc64le@0.14.48:
  version "0.14.48"
  resolved "https://lib.education.lego.com/artifactory/api/npm/libs-release-npm/esbuild-linux-ppc64le/-/esbuild-linux-ppc64le-0.14.48.tgz#55de0a9ec4a48fedfe82a63e083164d001709447"
  integrity sha1-Vd4KnsSkj+3+gqY+CDFk0AFwlEc=

esbuild-linux-riscv64@0.14.48:
  version "0.14.48"
  resolved "https://lib.education.lego.com/artifactory/api/npm/libs-release-npm/esbuild-linux-riscv64/-/esbuild-linux-riscv64-0.14.48.tgz#cd2b7381880b2f4b21a5a598fb673492120f18a5"
  integrity sha1-zStzgYgLL0shpaWY+2c0khIPGKU=

esbuild-linux-s390x@0.14.48:
  version "0.14.48"
  resolved "https://lib.education.lego.com/artifactory/api/npm/libs-release-npm/esbuild-linux-s390x/-/esbuild-linux-s390x-0.14.48.tgz#4b319eca2a5c64637fc7397ffbd9671719cdb6bf"
  integrity sha1-SzGeyipcZGN/xzl/+9lnFxnNtr8=

esbuild-netbsd-64@0.14.48:
  version "0.14.48"
  resolved "https://lib.education.lego.com/artifactory/api/npm/libs-release-npm/esbuild-netbsd-64/-/esbuild-netbsd-64-0.14.48.tgz#c27cde8b5cb55dcc227943a18ab078fb98d0adbf"
  integrity sha1-wnzei1y1XcwieUOhirB4+5jQrb8=

esbuild-openbsd-64@0.14.48:
  version "0.14.48"
  resolved "https://lib.education.lego.com/artifactory/api/npm/libs-release-npm/esbuild-openbsd-64/-/esbuild-openbsd-64-0.14.48.tgz#af5ab2d1cb41f09064bba9465fc8bf1309150df1"
  integrity sha1-r1qy0ctB8JBku6lGX8i/EwkVDfE=

esbuild-sunos-64@0.14.48:
  version "0.14.48"
  resolved "https://lib.education.lego.com/artifactory/api/npm/libs-release-npm/esbuild-sunos-64/-/esbuild-sunos-64-0.14.48.tgz#db3ae20526055cf6fd5c4582676233814603ac54"
  integrity sha1-2zriBSYFXPb9XEWCZ2IzgUYDrFQ=

esbuild-windows-32@0.14.48:
  version "0.14.48"
  resolved "https://lib.education.lego.com/artifactory/api/npm/libs-release-npm/esbuild-windows-32/-/esbuild-windows-32-0.14.48.tgz#021ffceb0a3f83078262870da88a912293c57475"
  integrity sha1-Ah/86wo/gweCYocNqIqRIpPFdHU=

esbuild-windows-64@0.14.48:
  version "0.14.48"
  resolved "https://lib.education.lego.com/artifactory/api/npm/libs-release-npm/esbuild-windows-64/-/esbuild-windows-64-0.14.48.tgz#a4d3407b580f9faac51f61eec095fa985fb3fee4"
  integrity sha1-pNNAe1gPn6rFH2HuwJX6mF+z/uQ=

esbuild-windows-arm64@0.14.48:
  version "0.14.48"
  resolved "https://lib.education.lego.com/artifactory/api/npm/libs-release-npm/esbuild-windows-arm64/-/esbuild-windows-arm64-0.14.48.tgz#762c0562127d8b09bfb70a3c816460742dd82880"
  integrity sha1-diwFYhJ9iwm/two8gWRgdC3YKIA=

esbuild@^0.14.48:
  version "0.14.48"
  resolved "https://lib.education.lego.com/artifactory/api/npm/libs-release-npm/esbuild/-/esbuild-0.14.48.tgz#da5d8d25cd2d940c45ea0cfecdca727f7aee2b85"
  integrity sha1-2l2NJc0tlAxF6gz+zcpyf3ruK4U=
  optionalDependencies:
    esbuild-android-64 "0.14.48"
    esbuild-android-arm64 "0.14.48"
    esbuild-darwin-64 "0.14.48"
    esbuild-darwin-arm64 "0.14.48"
    esbuild-freebsd-64 "0.14.48"
    esbuild-freebsd-arm64 "0.14.48"
    esbuild-linux-32 "0.14.48"
    esbuild-linux-64 "0.14.48"
    esbuild-linux-arm "0.14.48"
    esbuild-linux-arm64 "0.14.48"
    esbuild-linux-mips64le "0.14.48"
    esbuild-linux-ppc64le "0.14.48"
    esbuild-linux-riscv64 "0.14.48"
    esbuild-linux-s390x "0.14.48"
    esbuild-netbsd-64 "0.14.48"
    esbuild-openbsd-64 "0.14.48"
    esbuild-sunos-64 "0.14.48"
    esbuild-windows-32 "0.14.48"
    esbuild-windows-64 "0.14.48"
    esbuild-windows-arm64 "0.14.48"

escalade@^3.1.1:
  version "3.1.1"
  resolved "https://lib.education.lego.com/artifactory/api/npm/libs-release-npm/escalade/-/escalade-3.1.1.tgz#d8cfdc7000965c5a0174b4a82eaa5c0552742e40"
  integrity sha1-2M/ccACWXFoBdLSoLqpcBVJ0LkA=

extend@~3.0.2:
  version "3.0.2"
  resolved "https://lib.education.lego.com/artifactory/api/npm/libs-release-npm/extend/-/extend-3.0.2.tgz#f8b1136b4071fbd8eb140aff858b1019ec2915fa"
  integrity sha1-+LETa0Bx+9jrFAr/hYsQGewpFfo=

extsprintf@1.3.0:
  version "1.3.0"
  resolved "https://lib.education.lego.com/artifactory/api/npm/libs-release-npm/extsprintf/-/extsprintf-1.3.0.tgz#96918440e3041a7a414f8c52e3c574eb3c3e1e05"
  integrity sha1-lpGEQOMEGnpBT4xS48V06zw+HgU=

extsprintf@^1.2.0:
  version "1.4.1"
  resolved "https://lib.education.lego.com/artifactory/api/npm/libs-release-npm/extsprintf/-/extsprintf-1.4.1.tgz#8d172c064867f235c0c84a596806d279bf4bcc07"
  integrity sha1-jRcsBkhn8jXAyEpZaAbSeb9LzAc=

fast-deep-equal@^3.1.1:
  version "3.1.3"
  resolved "https://lib.education.lego.com/artifactory/api/npm/libs-release-npm/fast-deep-equal/-/fast-deep-equal-3.1.3.tgz#3a7d56b559d6cbc3eb512325244e619a65c6c525"
  integrity sha1-On1WtVnWy8PrUSMlJE5hmmXGxSU=

fast-json-stable-stringify@^2.0.0:
  version "2.1.0"
  resolved "https://lib.education.lego.com/artifactory/api/npm/libs-release-npm/fast-json-stable-stringify/-/fast-json-stable-stringify-2.1.0.tgz#874bf69c6f404c2b5d99c481341399fd55892633"
  integrity sha1-h0v2nG9ATCtdmcSBNBOZ/VWJJjM=

find-process@^1.4.7:
  version "1.4.7"
  resolved "https://lib.education.lego.com/artifactory/api/npm/libs-release-npm/find-process/-/find-process-1.4.7.tgz#8c76962259216c381ef1099371465b5b439ea121"
  integrity sha1-jHaWIlkhbDge8QmTcUZbW0OeoSE=
  dependencies:
    chalk "^4.0.0"
    commander "^5.1.0"
    debug "^4.1.1"

forever-agent@~0.6.1:
  version "0.6.1"
  resolved "https://lib.education.lego.com/artifactory/api/npm/libs-release-npm/forever-agent/-/forever-agent-0.6.1.tgz#fbc71f0c41adeb37f96c577ad1ed42d8fdacca91"
  integrity sha1-+8cfDEGt6zf5bFd60e1C2P2sypE=

form-data@~2.3.2:
  version "2.3.3"
  resolved "https://lib.education.lego.com/artifactory/api/npm/libs-release-npm/form-data/-/form-data-2.3.3.tgz#dcce52c05f644f298c6a7ab936bd724ceffbf3a6"
  integrity sha1-3M5SwF9kTymManq5Nr1yTO/786Y=
  dependencies:
    asynckit "^0.4.0"
    combined-stream "^1.0.6"
    mime-types "^2.1.12"

get-caller-file@^2.0.5:
  version "2.0.5"
  resolved "https://lib.education.lego.com/artifactory/api/npm/libs-release-npm/get-caller-file/-/get-caller-file-2.0.5.tgz#4f94412a82db32f36e3b0b9741f8a97feb031f7e"
  integrity sha1-T5RBKoLbMvNuOwuXQfipf+sDH34=

getpass@^0.1.1:
  version "0.1.7"
  resolved "https://lib.education.lego.com/artifactory/api/npm/libs-release-npm/getpass/-/getpass-0.1.7.tgz#5eff8e3e684d569ae4cb2b1282604e8ba62149fa"
  integrity sha1-Xv+OPmhNVprkyysSgmBOi6YhSfo=
  dependencies:
    assert-plus "^1.0.0"

gitignore-parser@0.0.2:
  version "0.0.2"
  resolved "https://lib.education.lego.com/artifactory/api/npm/libs-release-npm/gitignore-parser/-/gitignore-parser-0.0.2.tgz#f61259b985dd91414b9a7168faef9171c2eec5df"
  integrity sha1-9hJZuYXdkUFLmnFo+u+RccLuxd8=

har-schema@^2.0.0:
  version "2.0.0"
  resolved "https://lib.education.lego.com/artifactory/api/npm/libs-release-npm/har-schema/-/har-schema-2.0.0.tgz#a94c2224ebcac04782a0d9035521f24735b7ec92"
  integrity sha1-qUwiJOvKwEeCoNkDVSHyRzW37JI=

har-validator@~5.1.3:
  version "5.1.5"
  resolved "https://lib.education.lego.com/artifactory/api/npm/libs-release-npm/har-validator/-/har-validator-5.1.5.tgz#1f0803b9f8cb20c0fa13822df1ecddb36bde1efd"
  integrity sha1-HwgDufjLIMD6E4It8ezds2veHv0=
  dependencies:
    ajv "^6.12.3"
    har-schema "^2.0.0"

has-flag@^4.0.0:
  version "4.0.0"
  resolved "https://lib.education.lego.com/artifactory/api/npm/libs-release-npm/has-flag/-/has-flag-4.0.0.tgz#944771fd9c81c81265c4d6941860da06bb59479b"
  integrity sha1-lEdx/ZyByBJlxNaUGGDaBrtZR5s=

http-signature@~1.2.0:
  version "1.2.0"
  resolved "https://lib.education.lego.com/artifactory/api/npm/libs-release-npm/http-signature/-/http-signature-1.2.0.tgz#9aecd925114772f3d95b65a60abb8f7c18fbace1"
  integrity sha1-muzZJRFHcvPZW2WmCruPfBj7rOE=
  dependencies:
    assert-plus "^1.0.0"
    jsprim "^1.2.2"
    sshpk "^1.7.0"

is-fullwidth-code-point@^3.0.0:
  version "3.0.0"
  resolved "https://lib.education.lego.com/artifactory/api/npm/libs-release-npm/is-fullwidth-code-point/-/is-fullwidth-code-point-3.0.0.tgz#f116f8064fe90b3f7844a38997c0b75051269f1d"
  integrity sha1-8Rb4Bk/pCz94RKOJl8C3UFEmnx0=

is-typedarray@~1.0.0:
  version "1.0.0"
  resolved "https://lib.education.lego.com/artifactory/api/npm/libs-release-npm/is-typedarray/-/is-typedarray-1.0.0.tgz#e479c80858df0c1b11ddda6940f96011fcda4a9a"
  integrity sha1-5HnICFjfDBsR3dppQPlgEfzaSpo=

isstream@~0.1.2:
  version "0.1.2"
  resolved "https://lib.education.lego.com/artifactory/api/npm/libs-release-npm/isstream/-/isstream-0.1.2.tgz#47e63f7af55afa6f92e1500e690eb8b8529c099a"
  integrity sha1-R+Y/evVa+m+S4VAOaQ64uFKcCZo=

jsbn@~0.1.0:
  version "0.1.1"
  resolved "https://lib.education.lego.com/artifactory/api/npm/libs-release-npm/jsbn/-/jsbn-0.1.1.tgz#a5e654c2e5a2deb5f201d96cefbca80c0ef2f513"
  integrity sha1-peZUwuWi3rXyAdls77yoDA7y9RM=

json-schema-traverse@^0.4.1:
  version "0.4.1"
  resolved "https://lib.education.lego.com/artifactory/api/npm/libs-release-npm/json-schema-traverse/-/json-schema-traverse-0.4.1.tgz#69f6a87d9513ab8bb8fe63bdb0979c448e684660"
  integrity sha1-afaofZUTq4u4/mO9sJecRI5oRmA=

json-schema@0.4.0:
  version "0.4.0"
  resolved "https://lib.education.lego.com/artifactory/api/npm/libs-release-npm/json-schema/-/json-schema-0.4.0.tgz#f7de4cf6efab838ebaeb3236474cbba5a1930ab5"
  integrity sha1-995M9u+rg4666zI2R0y7paGTCrU=

json-stringify-safe@~5.0.1:
  version "5.0.1"
  resolved "https://lib.education.lego.com/artifactory/api/npm/libs-release-npm/json-stringify-safe/-/json-stringify-safe-5.0.1.tgz#1296a2d58fd45f19a0f6ce01d65701e2c735b6eb"
  integrity sha1-Epai1Y/UXxmg9s4B1lcB4sc1tus=

jsprim@^1.2.2:
  version "1.4.2"
  resolved "https://lib.education.lego.com/artifactory/api/npm/libs-release-npm/jsprim/-/jsprim-1.4.2.tgz#712c65533a15c878ba59e9ed5f0e26d5b77c5feb"
  integrity sha1-cSxlUzoVyHi6WentXw4m1bd8X+s=
  dependencies:
    assert-plus "1.0.0"
    extsprintf "1.3.0"
    json-schema "0.4.0"
    verror "1.10.0"

lodash@^4.17.19, lodash@^4.17.21:
  version "4.17.21"
  resolved "https://lib.education.lego.com/artifactory/api/npm/libs-release-npm/lodash/-/lodash-4.17.21.tgz#679591c564c3bffaae8454cf0b3df370c3d6911c"
  integrity sha1-Z5WRxWTDv/quhFTPCz3zcMPWkRw=

mime-db@1.52.0:
  version "1.52.0"
  resolved "https://lib.education.lego.com/artifactory/api/npm/libs-release-npm/mime-db/-/mime-db-1.52.0.tgz#bbabcdc02859f4987301c856e3387ce5ec43bf70"
  integrity sha1-u6vNwChZ9JhzAchW4zh85exDv3A=

mime-types@^2.1.12, mime-types@~2.1.19:
  version "2.1.35"
  resolved "https://lib.education.lego.com/artifactory/api/npm/libs-release-npm/mime-types/-/mime-types-2.1.35.tgz#381a871b62a734450660ae3deee44813f70d959a"
  integrity sha1-OBqHG2KnNEUGYK497uRIE/cNlZo=
  dependencies:
    mime-db "1.52.0"

mkdirp@^1.0.4:
  version "1.0.4"
  resolved "https://lib.education.lego.com/artifactory/api/npm/libs-release-npm/mkdirp/-/mkdirp-1.0.4.tgz#3eb5ed62622756d79a5f0e2a221dfebad75c2f7e"
  integrity sha1-PrXtYmInVteaXw4qIh3+utdcL34=

ms@2.1.2:
  version "2.1.2"
  resolved "https://lib.education.lego.com/artifactory/api/npm/libs-release-npm/ms/-/ms-2.1.2.tgz#d09d1f357b443f493382a8eb3ccd183872ae6009"
  integrity sha1-0J0fNXtEP0kzgqjrPM0YOHKuYAk=

oauth-sign@~0.9.0:
  version "0.9.0"
  resolved "https://lib.education.lego.com/artifactory/api/npm/libs-release-npm/oauth-sign/-/oauth-sign-0.9.0.tgz#47a7b016baa68b5fa0ecf3dee08a85c679ac6455"
  integrity sha1-R6ewFrqmi1+g7PPe4IqFxnmsZFU=

performance-now@^2.1.0:
  version "2.1.0"
  resolved "https://lib.education.lego.com/artifactory/api/npm/libs-release-npm/performance-now/-/performance-now-2.1.0.tgz#6309f4e0e5fa913ec1c69307ae364b4b377c9e7b"
  integrity sha1-Ywn04OX6kT7BxpMHrjZLSzd8nns=

"playcanvas-sync@git+https://github.com/playcanvas/playcanvas-sync.git":
  version "1.1.1"
  resolved "git+https://github.com/playcanvas/playcanvas-sync.git#41849e19a8d83e22519dabbbf9c1d7fc49a25243"
  dependencies:
    commander "^9.0.0"
    diff "^5.0.0"
    find-process "^1.4.7"
    gitignore-parser "0.0.2"
    mkdirp "^1.0.4"
    request "^2.88.2"
    request-promise-native "^1.0.9"

playcanvas@^1.54.1:
  version "1.54.1"
  resolved "https://lib.education.lego.com/artifactory/api/npm/libs-release-npm/playcanvas/-/playcanvas-1.54.1.tgz#d4f80a7b47fd10d612ceb0be2dc5b8390e61e9a6"
  integrity sha1-1PgKe0f9ENYSzrC+LcW4OQ5h6aY=

psl@^1.1.28:
  version "1.9.0"
  resolved "https://lib.education.lego.com/artifactory/api/npm/libs-release-npm/psl/-/psl-1.9.0.tgz#d0df2a137f00794565fcaf3b2c00cd09f8d5a5a7"
  integrity sha1-0N8qE38AeUVl/K87LADNCfjVpac=

punycode@^2.1.0, punycode@^2.1.1:
  version "2.1.1"
  resolved "https://lib.education.lego.com/artifactory/api/npm/libs-release-npm/punycode/-/punycode-2.1.1.tgz#b58b010ac40c22c5657616c8d2c2c02c7bf479ec"
  integrity sha1-tYsBCsQMIsVldhbI0sLALHv0eew=

qs@~6.5.2:
  version "6.5.3"
  resolved "https://lib.education.lego.com/artifactory/api/npm/libs-release-npm/qs/-/qs-6.5.3.tgz#3aeeffc91967ef6e35c0e488ef46fb296ab76aad"
  integrity sha1-Ou7/yRln7241wOSI70b7KWq3aq0=

request-promise-core@1.1.4:
  version "1.1.4"
  resolved "https://lib.education.lego.com/artifactory/api/npm/libs-release-npm/request-promise-core/-/request-promise-core-1.1.4.tgz#3eedd4223208d419867b78ce815167d10593a22f"
  integrity sha1-Pu3UIjII1BmGe3jOgVFn0QWToi8=
  dependencies:
    lodash "^4.17.19"

request-promise-native@^1.0.9:
  version "1.0.9"
  resolved "https://lib.education.lego.com/artifactory/api/npm/libs-release-npm/request-promise-native/-/request-promise-native-1.0.9.tgz#e407120526a5efdc9a39b28a5679bf47b9d9dc28"
  integrity sha1-5AcSBSal79yaObKKVnm/R7nZ3Cg=
  dependencies:
    request-promise-core "1.1.4"
    stealthy-require "^1.1.1"
    tough-cookie "^2.3.3"

request@^2.88.2:
  version "2.88.2"
  resolved "https://lib.education.lego.com/artifactory/api/npm/libs-release-npm/request/-/request-2.88.2.tgz#d73c918731cb5a87da047e207234146f664d12b3"
  integrity sha1-1zyRhzHLWofaBH4gcjQUb2ZNErM=
  dependencies:
    aws-sign2 "~0.7.0"
    aws4 "^1.8.0"
    caseless "~0.12.0"
    combined-stream "~1.0.6"
    extend "~3.0.2"
    forever-agent "~0.6.1"
    form-data "~2.3.2"
    har-validator "~5.1.3"
    http-signature "~1.2.0"
    is-typedarray "~1.0.0"
    isstream "~0.1.2"
    json-stringify-safe "~5.0.1"
    mime-types "~2.1.19"
    oauth-sign "~0.9.0"
    performance-now "^2.1.0"
    qs "~6.5.2"
    safe-buffer "^5.1.2"
    tough-cookie "~2.5.0"
    tunnel-agent "^0.6.0"
    uuid "^3.3.2"

require-directory@^2.1.1:
  version "2.1.1"
  resolved "https://lib.education.lego.com/artifactory/api/npm/libs-release-npm/require-directory/-/require-directory-2.1.1.tgz#8c64ad5fd30dab1c976e2344ffe7f792a6a6df42"
  integrity sha1-jGStX9MNqxyXbiNE/+f3kqam30I=

rxjs@^7.0.0:
  version "7.5.6"
  resolved "https://lib.education.lego.com/artifactory/api/npm/libs-release-npm/rxjs/-/rxjs-7.5.6.tgz#0446577557862afd6903517ce7cae79ecb9662bc"
  integrity sha1-BEZXdVeGKv1pA1F858rnnsuWYrw=
  dependencies:
    tslib "^2.1.0"

safe-buffer@^5.0.1, safe-buffer@^5.1.2:
  version "5.2.1"
  resolved "https://lib.education.lego.com/artifactory/api/npm/libs-release-npm/safe-buffer/-/safe-buffer-5.2.1.tgz#1eaf9fa9bdb1fdd4ec75f58f9cdb4e6b7827eec6"
  integrity sha1-Hq+fqb2x/dTsdfWPnNtOa3gn7sY=

safer-buffer@^2.0.2, safer-buffer@^2.1.0, safer-buffer@~2.1.0:
  version "2.1.2"
  resolved "https://lib.education.lego.com/artifactory/api/npm/libs-release-npm/safer-buffer/-/safer-buffer-2.1.2.tgz#44fa161b0187b9549dd84bb91802f9bd8385cd6a"
  integrity sha1-RPoWGwGHuVSd2Eu5GAL5vYOFzWo=

shell-quote@^1.7.3:
  version "1.7.3"
  resolved "https://lib.education.lego.com/artifactory/api/npm/libs-release-npm/shell-quote/-/shell-quote-1.7.3.tgz#aa40edac170445b9a431e17bb62c0b881b9c4123"
  integrity sha1-qkDtrBcERbmkMeF7tiwLiBucQSM=

spawn-command@^0.0.2-1:
  version "0.0.2-1"
  resolved "https://lib.education.lego.com/artifactory/api/npm/libs-release-npm/spawn-command/-/spawn-command-0.0.2-1.tgz#62f5e9466981c1b796dc5929937e11c9c6921bd0"
  integrity sha1-YvXpRmmBwbeW3Fkpk34RycaSG9A=

sshpk@^1.7.0:
  version "1.17.0"
  resolved "https://lib.education.lego.com/artifactory/api/npm/libs-release-npm/sshpk/-/sshpk-1.17.0.tgz#578082d92d4fe612b13007496e543fa0fbcbe4c5"
  integrity sha1-V4CC2S1P5hKxMAdJblQ/oPvL5MU=
  dependencies:
    asn1 "~0.2.3"
    assert-plus "^1.0.0"
    bcrypt-pbkdf "^1.0.0"
    dashdash "^1.12.0"
    ecc-jsbn "~0.1.1"
    getpass "^0.1.1"
    jsbn "~0.1.0"
    safer-buffer "^2.0.2"
    tweetnacl "~0.14.0"

stealthy-require@^1.1.1:
  version "1.1.1"
  resolved "https://lib.education.lego.com/artifactory/api/npm/libs-release-npm/stealthy-require/-/stealthy-require-1.1.1.tgz#35b09875b4ff49f26a777e509b3090a3226bf24b"
  integrity sha1-NbCYdbT/SfJqd35QmzCQoyJr8ks=

string-width@^4.1.0, string-width@^4.2.0, string-width@^4.2.3:
  version "4.2.3"
  resolved "https://lib.education.lego.com/artifactory/api/npm/libs-release-npm/string-width/-/string-width-4.2.3.tgz#269c7117d27b05ad2e536830a8ec895ef9c6d010"
  integrity sha1-JpxxF9J7Ba0uU2gwqOyJXvnG0BA=
  dependencies:
    emoji-regex "^8.0.0"
    is-fullwidth-code-point "^3.0.0"
    strip-ansi "^6.0.1"

strip-ansi@^6.0.0, strip-ansi@^6.0.1:
  version "6.0.1"
  resolved "https://lib.education.lego.com/artifactory/api/npm/libs-release-npm/strip-ansi/-/strip-ansi-6.0.1.tgz#9e26c63d30f53443e9489495b2105d37b67a85d9"
  integrity sha1-nibGPTD1NEPpSJSVshBdN7Z6hdk=
  dependencies:
    ansi-regex "^5.0.1"

supports-color@^7.1.0:
  version "7.2.0"
  resolved "https://lib.education.lego.com/artifactory/api/npm/libs-release-npm/supports-color/-/supports-color-7.2.0.tgz#1b7dcdcb32b8138801b3e478ba6a51caa89648da"
  integrity sha1-G33NyzK4E4gBs+R4umpRyqiWSNo=
  dependencies:
    has-flag "^4.0.0"

supports-color@^8.1.0:
  version "8.1.1"
  resolved "https://lib.education.lego.com/artifactory/api/npm/libs-release-npm/supports-color/-/supports-color-8.1.1.tgz#cd6fc17e28500cff56c1b86c0a7fd4a54a73005c"
  integrity sha1-zW/BfihQDP9WwbhsCn/UpUpzAFw=
  dependencies:
    has-flag "^4.0.0"

tough-cookie@^2.3.3, tough-cookie@~2.5.0:
  version "2.5.0"
  resolved "https://lib.education.lego.com/artifactory/api/npm/libs-release-npm/tough-cookie/-/tough-cookie-2.5.0.tgz#cd9fb2a0aa1d5a12b473bd9fb96fa3dcff65ade2"
  integrity sha1-zZ+yoKodWhK0c72fuW+j3P9lreI=
  dependencies:
    psl "^1.1.28"
    punycode "^2.1.1"

tree-kill@^1.2.2:
  version "1.2.2"
  resolved "https://lib.education.lego.com/artifactory/api/npm/libs-release-npm/tree-kill/-/tree-kill-1.2.2.tgz#4ca09a9092c88b73a7cdc5e8a01b507b0790a0cc"
  integrity sha1-TKCakJLIi3OnzcXooBtQeweQoMw=

tslib@^2.1.0:
  version "2.4.0"
  resolved "https://lib.education.lego.com/artifactory/api/npm/libs-release-npm/tslib/-/tslib-2.4.0.tgz#7cecaa7f073ce680a05847aa77be941098f36dc3"
  integrity sha1-fOyqfwc85oCgWEeqd76UEJjzbcM=

tunnel-agent@^0.6.0:
  version "0.6.0"
  resolved "https://lib.education.lego.com/artifactory/api/npm/libs-release-npm/tunnel-agent/-/tunnel-agent-0.6.0.tgz#27a5dea06b36b04a0a9966774b290868f0fc40fd"
  integrity sha1-J6XeoGs2sEoKmWZ3SykIaPD8QP0=
  dependencies:
    safe-buffer "^5.0.1"

tweetnacl@^0.14.3, tweetnacl@~0.14.0:
  version "0.14.5"
  resolved "https://lib.education.lego.com/artifactory/api/npm/libs-release-npm/tweetnacl/-/tweetnacl-0.14.5.tgz#5ae68177f192d4456269d108afa93ff8743f4f64"
  integrity sha1-WuaBd/GS1EViadEIr6k/+HQ/T2Q=

typescript@^4.7.4:
  version "4.7.4"
  resolved "https://lib.education.lego.com/artifactory/api/npm/libs-release-npm/typescript/-/typescript-4.7.4.tgz#1a88596d1cf47d59507a1bcdfb5b9dfe4d488235"
  integrity sha1-GohZbRz0fVlQehvN+1ud/k1IgjU=

uri-js@^4.2.2:
  version "4.4.1"
  resolved "https://lib.education.lego.com/artifactory/api/npm/libs-release-npm/uri-js/-/uri-js-4.4.1.tgz#9b1a52595225859e55f669d928f88c6c57f2a77e"
  integrity sha1-mxpSWVIlhZ5V9mnZKPiMbFfyp34=
  dependencies:
    punycode "^2.1.0"

uuid@^3.3.2:
  version "3.4.0"
  resolved "https://lib.education.lego.com/artifactory/api/npm/libs-release-npm/uuid/-/uuid-3.4.0.tgz#b23e4358afa8a202fe7a100af1f5f883f02007ee"
  integrity sha1-sj5DWK+oogL+ehAK8fX4g/AgB+4=

verror@1.10.0:
  version "1.10.0"
  resolved "https://lib.education.lego.com/artifactory/api/npm/libs-release-npm/verror/-/verror-1.10.0.tgz#3a105ca17053af55d6e270c1f8288682e18da400"
  integrity sha1-OhBcoXBTr1XW4nDB+CiGguGNpAA=
  dependencies:
    assert-plus "^1.0.0"
    core-util-is "1.0.2"
    extsprintf "^1.2.0"

wrap-ansi@^7.0.0:
  version "7.0.0"
  resolved "https://lib.education.lego.com/artifactory/api/npm/libs-release-npm/wrap-ansi/-/wrap-ansi-7.0.0.tgz#67e145cff510a6a6984bdf1152911d69d2eb9e43"
  integrity sha1-Z+FFz/UQpqaYS98RUpEdadLrnkM=
  dependencies:
    ansi-styles "^4.0.0"
    string-width "^4.1.0"
    strip-ansi "^6.0.0"

y18n@^5.0.5:
  version "5.0.8"
  resolved "https://lib.education.lego.com/artifactory/api/npm/libs-release-npm/y18n/-/y18n-5.0.8.tgz#7f4934d0f7ca8c56f95314939ddcd2dd91ce1d55"
  integrity sha1-f0k00PfKjFb5UxSTndzS3ZHOHVU=

yargs-parser@^21.0.0:
  version "21.0.1"
  resolved "https://lib.education.lego.com/artifactory/api/npm/libs-release-npm/yargs-parser/-/yargs-parser-21.0.1.tgz#0267f286c877a4f0f728fceb6f8a3e4cb95c6e35"
  integrity sha1-Amfyhsh3pPD3KPzrb4o+TLlcbjU=

yargs@^17.3.1:
  version "17.5.1"
  resolved "https://lib.education.lego.com/artifactory/api/npm/libs-release-npm/yargs/-/yargs-17.5.1.tgz#e109900cab6fcb7fd44b1d8249166feb0b36e58e"
  integrity sha1-4QmQDKtvy3/USx2CSRZv6ws25Y4=
  dependencies:
    cliui "^7.0.2"
    escalade "^3.1.1"
    get-caller-file "^2.0.5"
    require-directory "^2.1.1"
    string-width "^4.2.3"
    y18n "^5.0.5"
    yargs-parser "^21.0.0"
